# THIS IS AN AUTOGENERATED FILE. DO NOT EDIT THIS FILE DIRECTLY.
# yarn lockfile v1


create-expo@^2.3.5:
  version "2.3.5"
  resolved "https://registry.yarnpkg.com/create-expo/-/create-expo-2.3.5.tgz#656cd608eafe0322e1a0c256d19350f414461a63"
  integrity sha512-NjnDv9JX+vZebqR6mqIUIndEPmAx+s5k/jiLYg6mXQ5TcXLIUvtpasybb2o27+Fck4pn8FXk09+yJPowVBT9cw==
